<?xml version="1.0" encoding="UTF-8" standalone="yes" ?>
<CodeBlocks_project_file>
   <FileVersion major="1" minor="6" />
   <Project>
      <Option title="QmakePredictor" />
      <Option makefile_is_custom="1" />
      <Option compiler="gcc" />
      <Option virtualFolders="CMake Files\;CMake Files\dlib\;" />
      <Build>
      <Target title="all">
         <Option working_dir="/home/james/Documents/TopCoder/Solutions/git/earthquake_forcaster/build-quakePredictor-aws" />
         <Option type="4" />
         <MakeCommands>
            <Build command="/usr/bin/make -f &quot;/home/james/Documents/TopCoder/Solutions/git/earthquake_forcaster/build-quakePredictor-aws/Makefile&quot;  VERBOSE=1 all" />
            <CompileFile command="/usr/bin/make -f &quot;/home/james/Documents/TopCoder/Solutions/git/earthquake_forcaster/build-quakePredictor-aws/Makefile&quot;  VERBOSE=1 &quot;$file&quot;" />
            <Clean command="/usr/bin/make -f &quot;/home/james/Documents/TopCoder/Solutions/git/earthquake_forcaster/build-quakePredictor-aws/Makefile&quot;  VERBOSE=1 clean" />
            <DistClean command="/usr/bin/make -f &quot;/home/james/Documents/TopCoder/Solutions/git/earthquake_forcaster/build-quakePredictor-aws/Makefile&quot;  VERBOSE=1 clean" />
         </MakeCommands>
      </Target>
      <Target title="edit_cache">
         <Option working_dir="/home/james/Documents/TopCoder/Solutions/git/earthquake_forcaster/build-quakePredictor-aws" />
         <Option type="4" />
         <MakeCommands>
            <Build command="/usr/bin/make -f &quot;/home/james/Documents/TopCoder/Solutions/git/earthquake_forcaster/build-quakePredictor-aws/Makefile&quot;  VERBOSE=1 edit_cache" />
            <CompileFile command="/usr/bin/make -f &quot;/home/james/Documents/TopCoder/Solutions/git/earthquake_forcaster/build-quakePredictor-aws/Makefile&quot;  VERBOSE=1 &quot;$file&quot;" />
            <Clean command="/usr/bin/make -f &quot;/home/james/Documents/TopCoder/Solutions/git/earthquake_forcaster/build-quakePredictor-aws/Makefile&quot;  VERBOSE=1 clean" />
            <DistClean command="/usr/bin/make -f &quot;/home/james/Documents/TopCoder/Solutions/git/earthquake_forcaster/build-quakePredictor-aws/Makefile&quot;  VERBOSE=1 clean" />
         </MakeCommands>
      </Target>
      <Target title="rebuild_cache">
         <Option working_dir="/home/james/Documents/TopCoder/Solutions/git/earthquake_forcaster/build-quakePredictor-aws" />
         <Option type="4" />
         <MakeCommands>
            <Build command="/usr/bin/make -f &quot;/home/james/Documents/TopCoder/Solutions/git/earthquake_forcaster/build-quakePredictor-aws/Makefile&quot;  VERBOSE=1 rebuild_cache" />
            <CompileFile command="/usr/bin/make -f &quot;/home/james/Documents/TopCoder/Solutions/git/earthquake_forcaster/build-quakePredictor-aws/Makefile&quot;  VERBOSE=1 &quot;$file&quot;" />
            <Clean command="/usr/bin/make -f &quot;/home/james/Documents/TopCoder/Solutions/git/earthquake_forcaster/build-quakePredictor-aws/Makefile&quot;  VERBOSE=1 clean" />
            <DistClean command="/usr/bin/make -f &quot;/home/james/Documents/TopCoder/Solutions/git/earthquake_forcaster/build-quakePredictor-aws/Makefile&quot;  VERBOSE=1 clean" />
         </MakeCommands>
      </Target>
      <Target title="QmakePredictor">
         <Option output="/home/james/Documents/TopCoder/Solutions/git/earthquake_forcaster/build-quakePredictor-aws/QmakePredictor" prefix_auto="0" extension_auto="0" />
         <Option working_dir="" />
         <Option object_output="./" />
         <Option type="1" />
         <Option compiler="gcc" />
         <Compiler>
            <Add directory="/home/james/Documents/TopCoder/Solutions/git/earthquake_forcaster/dlib/.." />
            <Add directory="/usr/include" />
            <Add directory="/usr/include/c++/4.9" />
            <Add directory="/usr/include/c++/4.9/backward" />
            <Add directory="/usr/include/x86_64-linux-gnu" />
            <Add directory="/usr/include/x86_64-linux-gnu/c++/4.9" />
            <Add directory="/usr/lib/gcc/x86_64-linux-gnu/4.9/include" />
            <Add directory="/usr/lib/gcc/x86_64-linux-gnu/4.9/include-fixed" />
            <Add directory="/usr/local/cuda/include" />
            <Add directory="/usr/local/include" />
         </Compiler>
         <MakeCommands>
            <Build command="/usr/bin/make -f &quot;/home/james/Documents/TopCoder/Solutions/git/earthquake_forcaster/build-quakePredictor-aws/Makefile&quot;  VERBOSE=1 QmakePredictor" />
            <CompileFile command="/usr/bin/make -f &quot;/home/james/Documents/TopCoder/Solutions/git/earthquake_forcaster/build-quakePredictor-aws/Makefile&quot;  VERBOSE=1 &quot;$file&quot;" />
            <Clean command="/usr/bin/make -f &quot;/home/james/Documents/TopCoder/Solutions/git/earthquake_forcaster/build-quakePredictor-aws/Makefile&quot;  VERBOSE=1 clean" />
            <DistClean command="/usr/bin/make -f &quot;/home/james/Documents/TopCoder/Solutions/git/earthquake_forcaster/build-quakePredictor-aws/Makefile&quot;  VERBOSE=1 clean" />
         </MakeCommands>
      </Target>
      <Target title="QmakePredictor/fast">
         <Option output="/home/james/Documents/TopCoder/Solutions/git/earthquake_forcaster/build-quakePredictor-aws/QmakePredictor" prefix_auto="0" extension_auto="0" />
         <Option working_dir="" />
         <Option object_output="./" />
         <Option type="1" />
         <Option compiler="gcc" />
         <Compiler>
            <Add directory="/home/james/Documents/TopCoder/Solutions/git/earthquake_forcaster/dlib/.." />
            <Add directory="/usr/include" />
            <Add directory="/usr/include/c++/4.9" />
            <Add directory="/usr/include/c++/4.9/backward" />
            <Add directory="/usr/include/x86_64-linux-gnu" />
            <Add directory="/usr/include/x86_64-linux-gnu/c++/4.9" />
            <Add directory="/usr/lib/gcc/x86_64-linux-gnu/4.9/include" />
            <Add directory="/usr/lib/gcc/x86_64-linux-gnu/4.9/include-fixed" />
            <Add directory="/usr/local/cuda/include" />
            <Add directory="/usr/local/include" />
         </Compiler>
         <MakeCommands>
            <Build command="/usr/bin/make -f &quot;/home/james/Documents/TopCoder/Solutions/git/earthquake_forcaster/build-quakePredictor-aws/Makefile&quot;  VERBOSE=1 QmakePredictor/fast" />
            <CompileFile command="/usr/bin/make -f &quot;/home/james/Documents/TopCoder/Solutions/git/earthquake_forcaster/build-quakePredictor-aws/Makefile&quot;  VERBOSE=1 &quot;$file&quot;" />
            <Clean command="/usr/bin/make -f &quot;/home/james/Documents/TopCoder/Solutions/git/earthquake_forcaster/build-quakePredictor-aws/Makefile&quot;  VERBOSE=1 clean" />
            <DistClean command="/usr/bin/make -f &quot;/home/james/Documents/TopCoder/Solutions/git/earthquake_forcaster/build-quakePredictor-aws/Makefile&quot;  VERBOSE=1 clean" />
         </MakeCommands>
      </Target>
      <Target title="dlib">
         <Option output="/home/james/Documents/TopCoder/Solutions/git/earthquake_forcaster/build-quakePredictor-aws/dlib_build/libdlib.a" prefix_auto="0" extension_auto="0" />
         <Option working_dir="/home/james/Documents/TopCoder/Solutions/git/earthquake_forcaster/build-quakePredictor-aws/dlib_build" />
         <Option object_output="./" />
         <Option type="2" />
         <Option compiler="gcc" />
         <Compiler>
            <Add directory="/home/james/Documents/TopCoder/Solutions/git/earthquake_forcaster/dlib/.." />
            <Add directory="/usr" />
            <Add directory="/usr/include" />
            <Add directory="/usr/include/c++/4.9" />
            <Add directory="/usr/include/c++/4.9/backward" />
            <Add directory="/usr/include/x86_64-linux-gnu" />
            <Add directory="/usr/include/x86_64-linux-gnu/c++/4.9" />
            <Add directory="/usr/lib/gcc/x86_64-linux-gnu/4.9/include" />
            <Add directory="/usr/lib/gcc/x86_64-linux-gnu/4.9/include-fixed" />
            <Add directory="/usr/local/include" />
         </Compiler>
         <MakeCommands>
            <Build command="/usr/bin/make -f &quot;/home/james/Documents/TopCoder/Solutions/git/earthquake_forcaster/build-quakePredictor-aws/dlib_build/Makefile&quot;  VERBOSE=1 dlib" />
            <CompileFile command="/usr/bin/make -f &quot;/home/james/Documents/TopCoder/Solutions/git/earthquake_forcaster/build-quakePredictor-aws/dlib_build/Makefile&quot;  VERBOSE=1 &quot;$file&quot;" />
            <Clean command="/usr/bin/make -f &quot;/home/james/Documents/TopCoder/Solutions/git/earthquake_forcaster/build-quakePredictor-aws/dlib_build/Makefile&quot;  VERBOSE=1 clean" />
            <DistClean command="/usr/bin/make -f &quot;/home/james/Documents/TopCoder/Solutions/git/earthquake_forcaster/build-quakePredictor-aws/dlib_build/Makefile&quot;  VERBOSE=1 clean" />
         </MakeCommands>
      </Target>
      <Target title="dlib/fast">
         <Option output="/home/james/Documents/TopCoder/Solutions/git/earthquake_forcaster/build-quakePredictor-aws/dlib_build/libdlib.a" prefix_auto="0" extension_auto="0" />
         <Option working_dir="/home/james/Documents/TopCoder/Solutions/git/earthquake_forcaster/build-quakePredictor-aws/dlib_build" />
         <Option object_output="./" />
         <Option type="2" />
         <Option compiler="gcc" />
         <Compiler>
            <Add directory="/home/james/Documents/TopCoder/Solutions/git/earthquake_forcaster/dlib/.." />
            <Add directory="/usr" />
            <Add directory="/usr/include" />
            <Add directory="/usr/include/c++/4.9" />
            <Add directory="/usr/include/c++/4.9/backward" />
            <Add directory="/usr/include/x86_64-linux-gnu" />
            <Add directory="/usr/include/x86_64-linux-gnu/c++/4.9" />
            <Add directory="/usr/lib/gcc/x86_64-linux-gnu/4.9/include" />
            <Add directory="/usr/lib/gcc/x86_64-linux-gnu/4.9/include-fixed" />
            <Add directory="/usr/local/include" />
         </Compiler>
         <MakeCommands>
            <Build command="/usr/bin/make -f &quot;/home/james/Documents/TopCoder/Solutions/git/earthquake_forcaster/build-quakePredictor-aws/dlib_build/Makefile&quot;  VERBOSE=1 dlib/fast" />
            <CompileFile command="/usr/bin/make -f &quot;/home/james/Documents/TopCoder/Solutions/git/earthquake_forcaster/build-quakePredictor-aws/dlib_build/Makefile&quot;  VERBOSE=1 &quot;$file&quot;" />
            <Clean command="/usr/bin/make -f &quot;/home/james/Documents/TopCoder/Solutions/git/earthquake_forcaster/build-quakePredictor-aws/dlib_build/Makefile&quot;  VERBOSE=1 clean" />
            <DistClean command="/usr/bin/make -f &quot;/home/james/Documents/TopCoder/Solutions/git/earthquake_forcaster/build-quakePredictor-aws/dlib_build/Makefile&quot;  VERBOSE=1 clean" />
         </MakeCommands>
      </Target>
      </Build>
      <Unit filename="/home/james/Documents/TopCoder/Solutions/git/earthquake_forcaster/dlib/base64/base64_kernel_1.cpp">
      </Unit>
      <Unit filename="/home/james/Documents/TopCoder/Solutions/git/earthquake_forcaster/dlib/bigint/bigint_kernel_1.cpp">
      </Unit>
      <Unit filename="/home/james/Documents/TopCoder/Solutions/git/earthquake_forcaster/dlib/bigint/bigint_kernel_2.cpp">
      </Unit>
      <Unit filename="/home/james/Documents/TopCoder/Solutions/git/earthquake_forcaster/dlib/bit_stream/bit_stream_kernel_1.cpp">
      </Unit>
      <Unit filename="/home/james/Documents/TopCoder/Solutions/git/earthquake_forcaster/dlib/bsp/bsp.cpp">
      </Unit>
      <Unit filename="/home/james/Documents/TopCoder/Solutions/git/earthquake_forcaster/dlib/data_io/image_dataset_metadata.cpp">
      </Unit>
      <Unit filename="/home/james/Documents/TopCoder/Solutions/git/earthquake_forcaster/dlib/dir_nav/dir_nav_extensions.cpp">
      </Unit>
      <Unit filename="/home/james/Documents/TopCoder/Solutions/git/earthquake_forcaster/dlib/dir_nav/dir_nav_kernel_1.cpp">
      </Unit>
      <Unit filename="/home/james/Documents/TopCoder/Solutions/git/earthquake_forcaster/dlib/dir_nav/dir_nav_kernel_2.cpp">
      </Unit>
      <Unit filename="/home/james/Documents/TopCoder/Solutions/git/earthquake_forcaster/dlib/entropy_decoder/entropy_decoder_kernel_1.cpp">
      </Unit>
      <Unit filename="/home/james/Documents/TopCoder/Solutions/git/earthquake_forcaster/dlib/entropy_decoder/entropy_decoder_kernel_2.cpp">
      </Unit>
      <Unit filename="/home/james/Documents/TopCoder/Solutions/git/earthquake_forcaster/dlib/entropy_encoder/entropy_encoder_kernel_1.cpp">
      </Unit>
      <Unit filename="/home/james/Documents/TopCoder/Solutions/git/earthquake_forcaster/dlib/entropy_encoder/entropy_encoder_kernel_2.cpp">
      </Unit>
      <Unit filename="/home/james/Documents/TopCoder/Solutions/git/earthquake_forcaster/dlib/gui_core/gui_core_kernel_1.cpp">
      </Unit>
      <Unit filename="/home/james/Documents/TopCoder/Solutions/git/earthquake_forcaster/dlib/gui_core/gui_core_kernel_2.cpp">
      </Unit>
      <Unit filename="/home/james/Documents/TopCoder/Solutions/git/earthquake_forcaster/dlib/gui_widgets/base_widgets.cpp">
      </Unit>
      <Unit filename="/home/james/Documents/TopCoder/Solutions/git/earthquake_forcaster/dlib/gui_widgets/canvas_drawing.cpp">
      </Unit>
      <Unit filename="/home/james/Documents/TopCoder/Solutions/git/earthquake_forcaster/dlib/gui_widgets/drawable.cpp">
      </Unit>
      <Unit filename="/home/james/Documents/TopCoder/Solutions/git/earthquake_forcaster/dlib/gui_widgets/fonts.cpp">
      </Unit>
      <Unit filename="/home/james/Documents/TopCoder/Solutions/git/earthquake_forcaster/dlib/gui_widgets/style.cpp">
      </Unit>
      <Unit filename="/home/james/Documents/TopCoder/Solutions/git/earthquake_forcaster/dlib/gui_widgets/widgets.cpp">
      </Unit>
      <Unit filename="/home/james/Documents/TopCoder/Solutions/git/earthquake_forcaster/dlib/image_loader/jpeg_loader.cpp">
      </Unit>
      <Unit filename="/home/james/Documents/TopCoder/Solutions/git/earthquake_forcaster/dlib/image_loader/png_loader.cpp">
      </Unit>
      <Unit filename="/home/james/Documents/TopCoder/Solutions/git/earthquake_forcaster/dlib/image_saver/save_jpeg.cpp">
      </Unit>
      <Unit filename="/home/james/Documents/TopCoder/Solutions/git/earthquake_forcaster/dlib/image_saver/save_png.cpp">
      </Unit>
      <Unit filename="/home/james/Documents/TopCoder/Solutions/git/earthquake_forcaster/dlib/linker/linker_kernel_1.cpp">
      </Unit>
      <Unit filename="/home/james/Documents/TopCoder/Solutions/git/earthquake_forcaster/dlib/logger/extra_logger_headers.cpp">
      </Unit>
      <Unit filename="/home/james/Documents/TopCoder/Solutions/git/earthquake_forcaster/dlib/logger/logger_config_file.cpp">
      </Unit>
      <Unit filename="/home/james/Documents/TopCoder/Solutions/git/earthquake_forcaster/dlib/logger/logger_kernel_1.cpp">
      </Unit>
      <Unit filename="/home/james/Documents/TopCoder/Solutions/git/earthquake_forcaster/dlib/md5/md5_kernel_1.cpp">
      </Unit>
      <Unit filename="/home/james/Documents/TopCoder/Solutions/git/earthquake_forcaster/dlib/misc_api/misc_api_kernel_1.cpp">
      </Unit>
      <Unit filename="/home/james/Documents/TopCoder/Solutions/git/earthquake_forcaster/dlib/misc_api/misc_api_kernel_2.cpp">
      </Unit>
      <Unit filename="/home/james/Documents/TopCoder/Solutions/git/earthquake_forcaster/dlib/server/server_http.cpp">
      </Unit>
      <Unit filename="/home/james/Documents/TopCoder/Solutions/git/earthquake_forcaster/dlib/server/server_iostream.cpp">
      </Unit>
      <Unit filename="/home/james/Documents/TopCoder/Solutions/git/earthquake_forcaster/dlib/server/server_kernel.cpp">
      </Unit>
      <Unit filename="/home/james/Documents/TopCoder/Solutions/git/earthquake_forcaster/dlib/sockets/sockets_extensions.cpp">
      </Unit>
      <Unit filename="/home/james/Documents/TopCoder/Solutions/git/earthquake_forcaster/dlib/sockets/sockets_kernel_1.cpp">
      </Unit>
      <Unit filename="/home/james/Documents/TopCoder/Solutions/git/earthquake_forcaster/dlib/sockets/sockets_kernel_2.cpp">
      </Unit>
      <Unit filename="/home/james/Documents/TopCoder/Solutions/git/earthquake_forcaster/dlib/sockstreambuf/sockstreambuf.cpp">
      </Unit>
      <Unit filename="/home/james/Documents/TopCoder/Solutions/git/earthquake_forcaster/dlib/sockstreambuf/sockstreambuf_unbuffered.cpp">
      </Unit>
      <Unit filename="/home/james/Documents/TopCoder/Solutions/git/earthquake_forcaster/dlib/stack_trace.cpp">
      </Unit>
      <Unit filename="/home/james/Documents/TopCoder/Solutions/git/earthquake_forcaster/dlib/threads/multithreaded_object_extension.cpp">
      </Unit>
      <Unit filename="/home/james/Documents/TopCoder/Solutions/git/earthquake_forcaster/dlib/threads/thread_pool_extension.cpp">
      </Unit>
      <Unit filename="/home/james/Documents/TopCoder/Solutions/git/earthquake_forcaster/dlib/threads/threaded_object_extension.cpp">
      </Unit>
      <Unit filename="/home/james/Documents/TopCoder/Solutions/git/earthquake_forcaster/dlib/threads/threads_kernel_1.cpp">
      </Unit>
      <Unit filename="/home/james/Documents/TopCoder/Solutions/git/earthquake_forcaster/dlib/threads/threads_kernel_2.cpp">
      </Unit>
      <Unit filename="/home/james/Documents/TopCoder/Solutions/git/earthquake_forcaster/dlib/threads/threads_kernel_shared.cpp">
      </Unit>
      <Unit filename="/home/james/Documents/TopCoder/Solutions/git/earthquake_forcaster/dlib/timer/timer.cpp">
      </Unit>
      <Unit filename="/home/james/Documents/TopCoder/Solutions/git/earthquake_forcaster/dlib/tokenizer/tokenizer_kernel_1.cpp">
      </Unit>
      <Unit filename="/home/james/Documents/TopCoder/Solutions/git/earthquake_forcaster/dlib/unicode/unicode.cpp">
      </Unit>
      <Unit filename="/home/james/Documents/TopCoder/Solutions/git/earthquake_forcaster/main.cpp">
      </Unit>
      <Unit filename="/home/james/Documents/TopCoder/Solutions/git/earthquake_forcaster/dlib/base64/base64_kernel_1.h">
      </Unit>
      <Unit filename="/home/james/Documents/TopCoder/Solutions/git/earthquake_forcaster/dlib/bigint/bigint_kernel_1.h">
      </Unit>
      <Unit filename="/home/james/Documents/TopCoder/Solutions/git/earthquake_forcaster/dlib/bigint/bigint_kernel_2.h">
      </Unit>
      <Unit filename="/home/james/Documents/TopCoder/Solutions/git/earthquake_forcaster/dlib/bit_stream/bit_stream_kernel_1.h">
      </Unit>
      <Unit filename="/home/james/Documents/TopCoder/Solutions/git/earthquake_forcaster/dlib/bsp/bsp.h">
      </Unit>
      <Unit filename="/home/james/Documents/TopCoder/Solutions/git/earthquake_forcaster/dlib/data_io/image_dataset_metadata.h">
      </Unit>
      <Unit filename="/home/james/Documents/TopCoder/Solutions/git/earthquake_forcaster/dlib/dir_nav/dir_nav_extensions.h">
      </Unit>
      <Unit filename="/home/james/Documents/TopCoder/Solutions/git/earthquake_forcaster/dlib/dir_nav/dir_nav_kernel_1.h">
      </Unit>
      <Unit filename="/home/james/Documents/TopCoder/Solutions/git/earthquake_forcaster/dlib/dir_nav/dir_nav_kernel_2.h">
      </Unit>
      <Unit filename="/home/james/Documents/TopCoder/Solutions/git/earthquake_forcaster/dlib/entropy_decoder/entropy_decoder_kernel_1.h">
      </Unit>
      <Unit filename="/home/james/Documents/TopCoder/Solutions/git/earthquake_forcaster/dlib/entropy_decoder/entropy_decoder_kernel_2.h">
      </Unit>
      <Unit filename="/home/james/Documents/TopCoder/Solutions/git/earthquake_forcaster/dlib/entropy_encoder/entropy_encoder_kernel_1.h">
      </Unit>
      <Unit filename="/home/james/Documents/TopCoder/Solutions/git/earthquake_forcaster/dlib/entropy_encoder/entropy_encoder_kernel_2.h">
      </Unit>
      <Unit filename="/home/james/Documents/TopCoder/Solutions/git/earthquake_forcaster/dlib/gui_core/gui_core_kernel_1.h">
      </Unit>
      <Unit filename="/home/james/Documents/TopCoder/Solutions/git/earthquake_forcaster/dlib/gui_core/gui_core_kernel_2.h">
      </Unit>
      <Unit filename="/home/james/Documents/TopCoder/Solutions/git/earthquake_forcaster/dlib/gui_widgets/base_widgets.h">
      </Unit>
      <Unit filename="/home/james/Documents/TopCoder/Solutions/git/earthquake_forcaster/dlib/gui_widgets/canvas_drawing.h">
      </Unit>
      <Unit filename="/home/james/Documents/TopCoder/Solutions/git/earthquake_forcaster/dlib/gui_widgets/drawable.h">
      </Unit>
      <Unit filename="/home/james/Documents/TopCoder/Solutions/git/earthquake_forcaster/dlib/gui_widgets/fonts.h">
      </Unit>
      <Unit filename="/home/james/Documents/TopCoder/Solutions/git/earthquake_forcaster/dlib/gui_widgets/style.h">
      </Unit>
      <Unit filename="/home/james/Documents/TopCoder/Solutions/git/earthquake_forcaster/dlib/gui_widgets/widgets.h">
      </Unit>
      <Unit filename="/home/james/Documents/TopCoder/Solutions/git/earthquake_forcaster/dlib/image_loader/jpeg_loader.h">
      </Unit>
      <Unit filename="/home/james/Documents/TopCoder/Solutions/git/earthquake_forcaster/dlib/image_loader/png_loader.h">
      </Unit>
      <Unit filename="/home/james/Documents/TopCoder/Solutions/git/earthquake_forcaster/dlib/image_saver/save_jpeg.h">
      </Unit>
      <Unit filename="/home/james/Documents/TopCoder/Solutions/git/earthquake_forcaster/dlib/image_saver/save_png.h">
      </Unit>
      <Unit filename="/home/james/Documents/TopCoder/Solutions/git/earthquake_forcaster/dlib/linker/linker_kernel_1.h">
      </Unit>
      <Unit filename="/home/james/Documents/TopCoder/Solutions/git/earthquake_forcaster/dlib/logger/extra_logger_headers.h">
      </Unit>
      <Unit filename="/home/james/Documents/TopCoder/Solutions/git/earthquake_forcaster/dlib/logger/logger_config_file.h">
      </Unit>
      <Unit filename="/home/james/Documents/TopCoder/Solutions/git/earthquake_forcaster/dlib/logger/logger_kernel_1.h">
      </Unit>
      <Unit filename="/home/james/Documents/TopCoder/Solutions/git/earthquake_forcaster/dlib/md5/md5_kernel_1.h">
      </Unit>
      <Unit filename="/home/james/Documents/TopCoder/Solutions/git/earthquake_forcaster/dlib/misc_api/misc_api_kernel_1.h">
      </Unit>
      <Unit filename="/home/james/Documents/TopCoder/Solutions/git/earthquake_forcaster/dlib/misc_api/misc_api_kernel_2.h">
      </Unit>
      <Unit filename="/home/james/Documents/TopCoder/Solutions/git/earthquake_forcaster/dlib/server/server_http.h">
      </Unit>
      <Unit filename="/home/james/Documents/TopCoder/Solutions/git/earthquake_forcaster/dlib/server/server_iostream.h">
      </Unit>
      <Unit filename="/home/james/Documents/TopCoder/Solutions/git/earthquake_forcaster/dlib/server/server_kernel.h">
      </Unit>
      <Unit filename="/home/james/Documents/TopCoder/Solutions/git/earthquake_forcaster/dlib/sockets/sockets_extensions.h">
      </Unit>
      <Unit filename="/home/james/Documents/TopCoder/Solutions/git/earthquake_forcaster/dlib/sockets/sockets_kernel_1.h">
      </Unit>
      <Unit filename="/home/james/Documents/TopCoder/Solutions/git/earthquake_forcaster/dlib/sockets/sockets_kernel_2.h">
      </Unit>
      <Unit filename="/home/james/Documents/TopCoder/Solutions/git/earthquake_forcaster/dlib/sockstreambuf/sockstreambuf.h">
      </Unit>
      <Unit filename="/home/james/Documents/TopCoder/Solutions/git/earthquake_forcaster/dlib/sockstreambuf/sockstreambuf_unbuffered.h">
      </Unit>
      <Unit filename="/home/james/Documents/TopCoder/Solutions/git/earthquake_forcaster/dlib/stack_trace.h">
      </Unit>
      <Unit filename="/home/james/Documents/TopCoder/Solutions/git/earthquake_forcaster/dlib/threads/multithreaded_object_extension.h">
      </Unit>
      <Unit filename="/home/james/Documents/TopCoder/Solutions/git/earthquake_forcaster/dlib/threads/thread_pool_extension.h">
      </Unit>
      <Unit filename="/home/james/Documents/TopCoder/Solutions/git/earthquake_forcaster/dlib/threads/threaded_object_extension.h">
      </Unit>
      <Unit filename="/home/james/Documents/TopCoder/Solutions/git/earthquake_forcaster/dlib/threads/threads_kernel_1.h">
      </Unit>
      <Unit filename="/home/james/Documents/TopCoder/Solutions/git/earthquake_forcaster/dlib/threads/threads_kernel_2.h">
      </Unit>
      <Unit filename="/home/james/Documents/TopCoder/Solutions/git/earthquake_forcaster/dlib/threads/threads_kernel_shared.h">
      </Unit>
      <Unit filename="/home/james/Documents/TopCoder/Solutions/git/earthquake_forcaster/dlib/timer/timer.h">
      </Unit>
      <Unit filename="/home/james/Documents/TopCoder/Solutions/git/earthquake_forcaster/dlib/tokenizer/tokenizer_kernel_1.h">
      </Unit>
      <Unit filename="/home/james/Documents/TopCoder/Solutions/git/earthquake_forcaster/dlib/unicode/unicode.h">
      </Unit>
      <Unit filename="/home/james/Documents/TopCoder/Solutions/git/earthquake_forcaster/CMakeLists.txt">
          <Option virtualFolder="CMake Files\" />
      </Unit>
      <Unit filename="/home/james/Documents/TopCoder/Solutions/git/earthquake_forcaster/dlib/cmake">
          <Option virtualFolder="CMake Files\dlib\" />
      </Unit>
      <Unit filename="/home/james/Documents/TopCoder/Solutions/git/earthquake_forcaster/dlib/release_build_by_default">
          <Option virtualFolder="CMake Files\dlib\" />
      </Unit>
      <Unit filename="/home/james/Documents/TopCoder/Solutions/git/earthquake_forcaster/dlib/CMakeLists.txt">
          <Option virtualFolder="CMake Files\dlib\" />
      </Unit>
      <Unit filename="/home/james/Documents/TopCoder/Solutions/git/earthquake_forcaster/dlib/cmake_find_blas.txt">
          <Option virtualFolder="CMake Files\dlib\" />
      </Unit>
   </Project>
</CodeBlocks_project_file>
